lockfileVersion: 5.3

specifiers:
  '@playwright/test': 1.28.1
  '@types/node': 18.11.9
  gremlins.js: 2.2.0

devDependencies:
  '@playwright/test': 1.28.1
  '@types/node': 18.11.9
  gremlins.js: 2.2.0

packages:

  /@playwright/test/1.28.1:
    resolution: {integrity: sha512-xN6spdqrNlwSn9KabIhqfZR7IWjPpFK1835tFNgjrlysaSezuX8PYUwaz38V/yI8TJLG9PkAMEXoHRXYXlpTPQ==}
    engines: {node: '>=14'}
    hasBin: true
    dependencies:
      '@types/node': 18.11.9
      playwright-core: 1.28.1
    dev: true

  /@types/node/18.11.9:
    resolution: {integrity: sha512-CRpX21/kGdzjOpFsZSkcrXMGIBWMGNIHXXBVFSH+ggkftxg+XYP20TESbh+zFvFj3EQOl5byk0HTRn1IL6hbqg==}
    dev: true

  /chance/1.1.8:
    resolution: {integrity: sha512-v7fi5Hj2VbR6dJEGRWLmJBA83LJMS47pkAbmROFxHWd9qmE1esHRZW8Clf1Fhzr3rjxnNZVCjOEv/ivFxeIMtg==}
    dev: true

  /core-js/3.24.1:
    resolution: {integrity: sha512-0QTBSYSUZ6Gq21utGzkfITDylE8jWC9Ne1D2MrhvlsZBI1x39OdDIVbzSqtgMndIy6BlHxBXpMGqzZmnztg2rg==}
    requiresBuild: true
    dev: true

  /gremlins.js/2.2.0:
    resolution: {integrity: sha512-zVe4+WuCwTheg1OzBOdtiy7nZj52lWyWjCPMw/78wI1uAJdGlc97hVGYsZg0v75Hm+E91y5D+yG4U0lk7j/6xg==}
    dependencies:
      chance: 1.1.8
      core-js: 3.24.1
    dev: true

  /playwright-core/1.28.1:
    resolution: {integrity: sha512-3PixLnGPno0E8rSBJjtwqTwJe3Yw72QwBBBxNoukIj3lEeBNXwbNiKrNuB1oyQgTBw5QHUhNO3SteEtHaMK6ag==}
    engines: {node: '>=14'}
    hasBin: true
    dev: true
