lockfileVersion: 5.3

specifiers:
  '@playwright/test': 1.25.1
  '@types/node': 18.7.1
  gremlins.js: 2.2.0

devDependencies:
  '@playwright/test': 1.25.1
  '@types/node': 18.7.1
  gremlins.js: 2.2.0

packages:

  /@playwright/test/1.25.1:
    resolution: {integrity: sha512-IJ4X0yOakXtwkhbnNzKkaIgXe6df7u3H3FnuhI9Jqh+CdO0e/lYQlDLYiyI9cnXK8E7UAppAWP+VqAv6VX7HQg==}
    engines: {node: '>=14'}
    hasBin: true
    dependencies:
      '@types/node': 18.7.1
      playwright-core: 1.25.1
    dev: true

  /@types/node/18.7.1:
    resolution: {integrity: sha512-GKX1Qnqxo4S+Z/+Z8KKPLpH282LD7jLHWJcVryOflnsnH+BtSDfieR6ObwBMwpnNws0bUK8GI7z0unQf9bARNQ==}
    dev: true

  /chance/1.1.8:
    resolution: {integrity: sha512-v7fi5Hj2VbR6dJEGRWLmJBA83LJMS47pkAbmROFxHWd9qmE1esHRZW8Clf1Fhzr3rjxnNZVCjOEv/ivFxeIMtg==}
    dev: true

  /core-js/3.24.1:
    resolution: {integrity: sha512-0QTBSYSUZ6Gq21utGzkfITDylE8jWC9Ne1D2MrhvlsZBI1x39OdDIVbzSqtgMndIy6BlHxBXpMGqzZmnztg2rg==}
    requiresBuild: true
    dev: true

  /gremlins.js/2.2.0:
    resolution: {integrity: sha512-zVe4+WuCwTheg1OzBOdtiy7nZj52lWyWjCPMw/78wI1uAJdGlc97hVGYsZg0v75Hm+E91y5D+yG4U0lk7j/6xg==}
    dependencies:
      chance: 1.1.8
      core-js: 3.24.1
    dev: true

  /playwright-core/1.25.1:
    resolution: {integrity: sha512-lSvPCmA2n7LawD2Hw7gSCLScZ+vYRkhU8xH0AapMyzwN+ojoDqhkH/KIEUxwNu2PjPoE/fcE0wLAksdOhJ2O5g==}
    engines: {node: '>=14'}
    hasBin: true
    dev: true
