lockfileVersion: 5.3

specifiers:
  '@playwright/test': ^1.24.2
  gremlins.js: ^2.2.0

devDependencies:
  '@playwright/test': 1.24.2
  gremlins.js: 2.2.0

packages:

  /@playwright/test/1.24.2:
    resolution: {integrity: sha512-Q4X224pRHw4Dtkk5PoNJplZCokLNvVbXD9wDQEMrHcEuvWpJWEQDeJ9gEwkZ3iCWSFSWBshIX177B231XW4wOQ==}
    engines: {node: '>=14'}
    hasBin: true
    requiresBuild: true
    dependencies:
      '@types/node': 18.6.3
      playwright-core: 1.24.2
    dev: true

  /@types/node/18.6.3:
    resolution: {integrity: sha512-6qKpDtoaYLM+5+AFChLhHermMQxc3TOEFIDzrZLPRGHPrLEwqFkkT5Kx3ju05g6X7uDPazz3jHbKPX0KzCjntg==}
    dev: true

  /chance/1.1.8:
    resolution: {integrity: sha512-v7fi5Hj2VbR6dJEGRWLmJBA83LJMS47pkAbmROFxHWd9qmE1esHRZW8Clf1Fhzr3rjxnNZVCjOEv/ivFxeIMtg==}
    dev: true

  /core-js/3.24.1:
    resolution: {integrity: sha512-0QTBSYSUZ6Gq21utGzkfITDylE8jWC9Ne1D2MrhvlsZBI1x39OdDIVbzSqtgMndIy6BlHxBXpMGqzZmnztg2rg==}
    requiresBuild: true
    dev: true

  /gremlins.js/2.2.0:
    resolution: {integrity: sha512-zVe4+WuCwTheg1OzBOdtiy7nZj52lWyWjCPMw/78wI1uAJdGlc97hVGYsZg0v75Hm+E91y5D+yG4U0lk7j/6xg==}
    dependencies:
      chance: 1.1.8
      core-js: 3.24.1
    dev: true

  /playwright-core/1.24.2:
    resolution: {integrity: sha512-zfAoDoPY/0sDLsgSgLZwWmSCevIg1ym7CppBwllguVBNiHeixZkc1AdMuYUPZC6AdEYc4CxWEyLMBTw2YcmRrA==}
    engines: {node: '>=14'}
    hasBin: true
    dev: true
